// !$*UTF8*$!
{
	archiveVersion = 1;
	classes = {
	};
	objectVersion = 48;
	objects = {

/* Begin PBXBuildFile section */
		2643896C1FE9F42100200D48 /* AppDelegate.m in Sources */ = {isa = PBXBuildFile; fileRef = 2643896B1FE9F42100200D48 /* AppDelegate.m */; };
		264389741FE9F42100200D48 /* Assets.xcassets in Resources */ = {isa = PBXBuildFile; fileRef = 264389731FE9F42100200D48 /* Assets.xcassets */; };
		264389771FE9F42100200D48 /* LaunchScreen.storyboard in Resources */ = {isa = PBXBuildFile; fileRef = 264389751FE9F42100200D48 /* LaunchScreen.storyboard */; };
		2643897A1FE9F42100200D48 /* main.m in Sources */ = {isa = PBXBuildFile; fileRef = 264389791FE9F42100200D48 /* main.m */; };
		264389921FE9F76400200D48 /* TagsViewController.m in Sources */ = {isa = PBXBuildFile; fileRef = 264389901FE9F76400200D48 /* TagsViewController.m */; };
		264389931FE9F76400200D48 /* TagsViewController.xib in Resources */ = {isa = PBXBuildFile; fileRef = 264389911FE9F76400200D48 /* TagsViewController.xib */; };
		264389971FE9FF7600200D48 /* Network.m in Sources */ = {isa = PBXBuildFile; fileRef = 264389961FE9FF7600200D48 /* Network.m */; };
		2643899B1FEA0FAD00200D48 /* TagsNetworkService.m in Sources */ = {isa = PBXBuildFile; fileRef = 2643899A1FEA0FAD00200D48 /* TagsNetworkService.m */; };
		2643899E1FEA11C700200D48 /* Tag.m in Sources */ = {isa = PBXBuildFile; fileRef = 2643899D1FEA11C700200D48 /* Tag.m */; };
		264389A11FEB3F0700200D48 /* TagsNetworkServiceTests.m in Sources */ = {isa = PBXBuildFile; fileRef = 264389A01FEB3F0700200D48 /* TagsNetworkServiceTests.m */; };
		264389A61FEB3FED00200D48 /* NetworkMock.m in Sources */ = {isa = PBXBuildFile; fileRef = 264389A51FEB3FED00200D48 /* NetworkMock.m */; };
		264389AB1FEB48AC00200D48 /* TagsInteractor.m in Sources */ = {isa = PBXBuildFile; fileRef = 264389AA1FEB48AC00200D48 /* TagsInteractor.m */; };
		264389B21FEB4D4A00200D48 /* TagsViewModel.m in Sources */ = {isa = PBXBuildFile; fileRef = 264389B11FEB4D4A00200D48 /* TagsViewModel.m */; };
		264389B51FEB4EFE00200D48 /* TagViewModel.m in Sources */ = {isa = PBXBuildFile; fileRef = 264389B41FEB4EFE00200D48 /* TagViewModel.m */; };
		264389BB1FEB529300200D48 /* UIColor+Hex.m in Sources */ = {isa = PBXBuildFile; fileRef = 264389BA1FEB529300200D48 /* UIColor+Hex.m */; };
/* End PBXBuildFile section */

/* Begin PBXContainerItemProxy section */
		264389801FE9F42100200D48 /* PBXContainerItemProxy */ = {
			isa = PBXContainerItemProxy;
			containerPortal = 2643895F1FE9F42100200D48 /* Project object */;
			proxyType = 1;
			remoteGlobalIDString = 264389661FE9F42100200D48;
			remoteInfo = Tags;
		};
/* End PBXContainerItemProxy section */

/* Begin PBXFileReference section */
		264389671FE9F42100200D48 /* Tags.app */ = {isa = PBXFileReference; explicitFileType = wrapper.application; includeInIndex = 0; path = Tags.app; sourceTree = BUILT_PRODUCTS_DIR; };
		2643896A1FE9F42100200D48 /* AppDelegate.h */ = {isa = PBXFileReference; lastKnownFileType = sourcecode.c.h; path = AppDelegate.h; sourceTree = "<group>"; };
		2643896B1FE9F42100200D48 /* AppDelegate.m */ = {isa = PBXFileReference; lastKnownFileType = sourcecode.c.objc; path = AppDelegate.m; sourceTree = "<group>"; };
		264389731FE9F42100200D48 /* Assets.xcassets */ = {isa = PBXFileReference; lastKnownFileType = folder.assetcatalog; path = Assets.xcassets; sourceTree = "<group>"; };
		264389761FE9F42100200D48 /* Base */ = {isa = PBXFileReference; lastKnownFileType = file.storyboard; name = Base; path = Base.lproj/LaunchScreen.storyboard; sourceTree = "<group>"; };
		264389781FE9F42100200D48 /* Info.plist */ = {isa = PBXFileReference; lastKnownFileType = text.plist.xml; path = Info.plist; sourceTree = "<group>"; };
		264389791FE9F42100200D48 /* main.m */ = {isa = PBXFileReference; lastKnownFileType = sourcecode.c.objc; path = main.m; sourceTree = "<group>"; };
		2643897F1FE9F42100200D48 /* TagsTests.xctest */ = {isa = PBXFileReference; explicitFileType = wrapper.cfbundle; includeInIndex = 0; path = TagsTests.xctest; sourceTree = BUILT_PRODUCTS_DIR; };
		264389851FE9F42100200D48 /* Info.plist */ = {isa = PBXFileReference; lastKnownFileType = text.plist.xml; path = Info.plist; sourceTree = "<group>"; };
		2643898F1FE9F76400200D48 /* TagsViewController.h */ = {isa = PBXFileReference; lastKnownFileType = sourcecode.c.h; path = TagsViewController.h; sourceTree = "<group>"; };
		264389901FE9F76400200D48 /* TagsViewController.m */ = {isa = PBXFileReference; lastKnownFileType = sourcecode.c.objc; path = TagsViewController.m; sourceTree = "<group>"; };
		264389911FE9F76400200D48 /* TagsViewController.xib */ = {isa = PBXFileReference; lastKnownFileType = file.xib; path = TagsViewController.xib; sourceTree = "<group>"; };
		264389951FE9FF7600200D48 /* Network.h */ = {isa = PBXFileReference; lastKnownFileType = sourcecode.c.h; path = Network.h; sourceTree = "<group>"; };
		264389961FE9FF7600200D48 /* Network.m */ = {isa = PBXFileReference; lastKnownFileType = sourcecode.c.objc; path = Network.m; sourceTree = "<group>"; };
		264389991FEA0FAD00200D48 /* TagsNetworkService.h */ = {isa = PBXFileReference; lastKnownFileType = sourcecode.c.h; path = TagsNetworkService.h; sourceTree = "<group>"; };
		2643899A1FEA0FAD00200D48 /* TagsNetworkService.m */ = {isa = PBXFileReference; lastKnownFileType = sourcecode.c.objc; path = TagsNetworkService.m; sourceTree = "<group>"; };
		2643899C1FEA11C700200D48 /* Tag.h */ = {isa = PBXFileReference; lastKnownFileType = sourcecode.c.h; path = Tag.h; sourceTree = "<group>"; };
		2643899D1FEA11C700200D48 /* Tag.m */ = {isa = PBXFileReference; lastKnownFileType = sourcecode.c.objc; path = Tag.m; sourceTree = "<group>"; };
		264389A01FEB3F0700200D48 /* TagsNetworkServiceTests.m */ = {isa = PBXFileReference; lastKnownFileType = sourcecode.c.objc; path = TagsNetworkServiceTests.m; sourceTree = "<group>"; };
		264389A41FEB3FED00200D48 /* NetworkMock.h */ = {isa = PBXFileReference; lastKnownFileType = sourcecode.c.h; path = NetworkMock.h; sourceTree = "<group>"; };
		264389A51FEB3FED00200D48 /* NetworkMock.m */ = {isa = PBXFileReference; lastKnownFileType = sourcecode.c.objc; path = NetworkMock.m; sourceTree = "<group>"; };
		264389A91FEB48AC00200D48 /* TagsInteractor.h */ = {isa = PBXFileReference; lastKnownFileType = sourcecode.c.h; path = TagsInteractor.h; sourceTree = "<group>"; };
		264389AA1FEB48AC00200D48 /* TagsInteractor.m */ = {isa = PBXFileReference; lastKnownFileType = sourcecode.c.objc; path = TagsInteractor.m; sourceTree = "<group>"; };
		264389B01FEB4D4A00200D48 /* TagsViewModel.h */ = {isa = PBXFileReference; lastKnownFileType = sourcecode.c.h; path = TagsViewModel.h; sourceTree = "<group>"; };
		264389B11FEB4D4A00200D48 /* TagsViewModel.m */ = {isa = PBXFileReference; lastKnownFileType = sourcecode.c.objc; path = TagsViewModel.m; sourceTree = "<group>"; };
		264389B31FEB4EFE00200D48 /* TagViewModel.h */ = {isa = PBXFileReference; lastKnownFileType = sourcecode.c.h; path = TagViewModel.h; sourceTree = "<group>"; };
		264389B41FEB4EFE00200D48 /* TagViewModel.m */ = {isa = PBXFileReference; lastKnownFileType = sourcecode.c.objc; path = TagViewModel.m; sourceTree = "<group>"; };
		264389B91FEB529300200D48 /* UIColor+Hex.h */ = {isa = PBXFileReference; lastKnownFileType = sourcecode.c.h; path = "UIColor+Hex.h"; sourceTree = "<group>"; };
		264389BA1FEB529300200D48 /* UIColor+Hex.m */ = {isa = PBXFileReference; lastKnownFileType = sourcecode.c.objc; path = "UIColor+Hex.m"; sourceTree = "<group>"; };
/* End PBXFileReference section */

/* Begin PBXFrameworksBuildPhase section */
		264389641FE9F42100200D48 /* Frameworks */ = {
			isa = PBXFrameworksBuildPhase;
			buildActionMask = 2147483647;
			files = (
			);
			runOnlyForDeploymentPostprocessing = 0;
		};
		2643897C1FE9F42100200D48 /* Frameworks */ = {
			isa = PBXFrameworksBuildPhase;
			buildActionMask = 2147483647;
			files = (
			);
			runOnlyForDeploymentPostprocessing = 0;
		};
/* End PBXFrameworksBuildPhase section */

/* Begin PBXGroup section */
		2643895E1FE9F42100200D48 = {
			isa = PBXGroup;
			children = (
				264389691FE9F42100200D48 /* Tags */,
				264389821FE9F42100200D48 /* TagsTests */,
				264389681FE9F42100200D48 /* Products */,
			);
			sourceTree = "<group>";
		};
		264389681FE9F42100200D48 /* Products */ = {
			isa = PBXGroup;
			children = (
				264389671FE9F42100200D48 /* Tags.app */,
				2643897F1FE9F42100200D48 /* TagsTests.xctest */,
			);
			name = Products;
			sourceTree = "<group>";
		};
		264389691FE9F42100200D48 /* Tags */ = {
			isa = PBXGroup;
			children = (
				2643896A1FE9F42100200D48 /* AppDelegate.h */,
				2643896B1FE9F42100200D48 /* AppDelegate.m */,
				2643898E1FE9F74B00200D48 /* App */,
				264389731FE9F42100200D48 /* Assets.xcassets */,
				264389751FE9F42100200D48 /* LaunchScreen.storyboard */,
				264389781FE9F42100200D48 /* Info.plist */,
				264389791FE9F42100200D48 /* main.m */,
			);
			path = Tags;
			sourceTree = "<group>";
		};
		264389821FE9F42100200D48 /* TagsTests */ = {
			isa = PBXGroup;
			children = (
				264389A01FEB3F0700200D48 /* TagsNetworkServiceTests.m */,
				264389A71FEB3FEF00200D48 /* Mocks */,
				264389851FE9F42100200D48 /* Info.plist */,
			);
			path = TagsTests;
			sourceTree = "<group>";
		};
		2643898E1FE9F74B00200D48 /* App */ = {
			isa = PBXGroup;
			children = (
				2643898F1FE9F76400200D48 /* TagsViewController.h */,
				264389901FE9F76400200D48 /* TagsViewController.m */,
				264389911FE9F76400200D48 /* TagsViewController.xib */,
				264389A81FEB489600200D48 /* Interactor */,
				264389981FEA0F9800200D48 /* Services */,
				264389941FE9FEE900200D48 /* Network */,
				264389B71FEB524C00200D48 /* Utilities */,
			);
			path = App;
			sourceTree = "<group>";
		};
		264389941FE9FEE900200D48 /* Network */ = {
			isa = PBXGroup;
			children = (
				264389951FE9FF7600200D48 /* Network.h */,
				264389961FE9FF7600200D48 /* Network.m */,
			);
			path = Network;
			sourceTree = "<group>";
		};
		264389981FEA0F9800200D48 /* Services */ = {
			isa = PBXGroup;
			children = (
				264389991FEA0FAD00200D48 /* TagsNetworkService.h */,
				2643899A1FEA0FAD00200D48 /* TagsNetworkService.m */,
				2643899F1FEA11CE00200D48 /* Entities */,
			);
			path = Services;
			sourceTree = "<group>";
		};
		2643899F1FEA11CE00200D48 /* Entities */ = {
			isa = PBXGroup;
			children = (
				2643899C1FEA11C700200D48 /* Tag.h */,
				2643899D1FEA11C700200D48 /* Tag.m */,
			);
			path = Entities;
			sourceTree = "<group>";
		};
		264389A71FEB3FEF00200D48 /* Mocks */ = {
			isa = PBXGroup;
			children = (
				264389A41FEB3FED00200D48 /* NetworkMock.h */,
				264389A51FEB3FED00200D48 /* NetworkMock.m */,
			);
			path = Mocks;
			sourceTree = "<group>";
		};
		264389A81FEB489600200D48 /* Interactor */ = {
			isa = PBXGroup;
			children = (
				264389A91FEB48AC00200D48 /* TagsInteractor.h */,
				264389AA1FEB48AC00200D48 /* TagsInteractor.m */,
				264389AF1FEB4D3C00200D48 /* ViewModels */,
			);
			path = Interactor;
			sourceTree = "<group>";
		};
		264389AF1FEB4D3C00200D48 /* ViewModels */ = {
			isa = PBXGroup;
			children = (
				264389B01FEB4D4A00200D48 /* TagsViewModel.h */,
				264389B11FEB4D4A00200D48 /* TagsViewModel.m */,
				264389B31FEB4EFE00200D48 /* TagViewModel.h */,
				264389B41FEB4EFE00200D48 /* TagViewModel.m */,
			);
			path = ViewModels;
			sourceTree = "<group>";
		};
		264389B71FEB524C00200D48 /* Utilities */ = {
			isa = PBXGroup;
			children = (
				264389B91FEB529300200D48 /* UIColor+Hex.h */,
				264389BA1FEB529300200D48 /* UIColor+Hex.m */,
			);
			path = Utilities;
			sourceTree = "<group>";
		};
/* End PBXGroup section */

/* Begin PBXNativeTarget section */
		264389661FE9F42100200D48 /* Tags */ = {
			isa = PBXNativeTarget;
			buildConfigurationList = 264389881FE9F42100200D48 /* Build configuration list for PBXNativeTarget "Tags" */;
			buildPhases = (
				264389631FE9F42100200D48 /* Sources */,
				264389641FE9F42100200D48 /* Frameworks */,
				264389651FE9F42100200D48 /* Resources */,
			);
			buildRules = (
			);
			dependencies = (
			);
			name = Tags;
			productName = Tags;
			productReference = 264389671FE9F42100200D48 /* Tags.app */;
			productType = "com.apple.product-type.application";
		};
		2643897E1FE9F42100200D48 /* TagsTests */ = {
			isa = PBXNativeTarget;
			buildConfigurationList = 2643898B1FE9F42100200D48 /* Build configuration list for PBXNativeTarget "TagsTests" */;
			buildPhases = (
				2643897B1FE9F42100200D48 /* Sources */,
				2643897C1FE9F42100200D48 /* Frameworks */,
				2643897D1FE9F42100200D48 /* Resources */,
			);
			buildRules = (
			);
			dependencies = (
				264389811FE9F42100200D48 /* PBXTargetDependency */,
			);
			name = TagsTests;
			productName = TagsTests;
			productReference = 2643897F1FE9F42100200D48 /* TagsTests.xctest */;
			productType = "com.apple.product-type.bundle.unit-test";
		};
/* End PBXNativeTarget section */

/* Begin PBXProject section */
		2643895F1FE9F42100200D48 /* Project object */ = {
			isa = PBXProject;
			attributes = {
				LastUpgradeCheck = 0910;
				ORGANIZATIONNAME = HelpScout;
				TargetAttributes = {
					264389661FE9F42100200D48 = {
						CreatedOnToolsVersion = 9.1;
						ProvisioningStyle = Automatic;
					};
					2643897E1FE9F42100200D48 = {
						CreatedOnToolsVersion = 9.1;
						ProvisioningStyle = Automatic;
						TestTargetID = 264389661FE9F42100200D48;
					};
				};
			};
			buildConfigurationList = 264389621FE9F42100200D48 /* Build configuration list for PBXProject "Tags" */;
			compatibilityVersion = "Xcode 8.0";
			developmentRegion = en;
			hasScannedForEncodings = 0;
			knownRegions = (
				en,
				Base,
			);
			mainGroup = 2643895E1FE9F42100200D48;
			productRefGroup = 264389681FE9F42100200D48 /* Products */;
			projectDirPath = "";
			projectRoot = "";
			targets = (
				264389661FE9F42100200D48 /* Tags */,
				2643897E1FE9F42100200D48 /* TagsTests */,
			);
		};
/* End PBXProject section */

/* Begin PBXResourcesBuildPhase section */
		264389651FE9F42100200D48 /* Resources */ = {
			isa = PBXResourcesBuildPhase;
			buildActionMask = 2147483647;
			files = (
				264389931FE9F76400200D48 /* TagsViewController.xib in Resources */,
				264389771FE9F42100200D48 /* LaunchScreen.storyboard in Resources */,
				264389741FE9F42100200D48 /* Assets.xcassets in Resources */,
			);
			runOnlyForDeploymentPostprocessing = 0;
		};
		2643897D1FE9F42100200D48 /* Resources */ = {
			isa = PBXResourcesBuildPhase;
			buildActionMask = 2147483647;
			files = (
			);
			runOnlyForDeploymentPostprocessing = 0;
		};
/* End PBXResourcesBuildPhase section */

/* Begin PBXSourcesBuildPhase section */
		264389631FE9F42100200D48 /* Sources */ = {
			isa = PBXSourcesBuildPhase;
			buildActionMask = 2147483647;
			files = (
				264389B51FEB4EFE00200D48 /* TagViewModel.m in Sources */,
				264389BB1FEB529300200D48 /* UIColor+Hex.m in Sources */,
				2643899E1FEA11C700200D48 /* Tag.m in Sources */,
				2643899B1FEA0FAD00200D48 /* TagsNetworkService.m in Sources */,
				264389921FE9F76400200D48 /* TagsViewController.m in Sources */,
				2643897A1FE9F42100200D48 /* main.m in Sources */,
				264389971FE9FF7600200D48 /* Network.m in Sources */,
				264389B21FEB4D4A00200D48 /* TagsViewModel.m in Sources */,
				264389AB1FEB48AC00200D48 /* TagsInteractor.m in Sources */,
				2643896C1FE9F42100200D48 /* AppDelegate.m in Sources */,
			);
			runOnlyForDeploymentPostprocessing = 0;
		};
		2643897B1FE9F42100200D48 /* Sources */ = {
			isa = PBXSourcesBuildPhase;
			buildActionMask = 2147483647;
			files = (
				264389A61FEB3FED00200D48 /* NetworkMock.m in Sources */,
				264389A11FEB3F0700200D48 /* TagsNetworkServiceTests.m in Sources */,
			);
			runOnlyForDeploymentPostprocessing = 0;
		};
/* End PBXSourcesBuildPhase section */

/* Begin PBXTargetDependency section */
		264389811FE9F42100200D48 /* PBXTargetDependency */ = {
			isa = PBXTargetDependency;
			target = 264389661FE9F42100200D48 /* Tags */;
			targetProxy = 264389801FE9F42100200D48 /* PBXContainerItemProxy */;
		};
/* End PBXTargetDependency section */

/* Begin PBXVariantGroup section */
		264389751FE9F42100200D48 /* LaunchScreen.storyboard */ = {
			isa = PBXVariantGroup;
			children = (
				264389761FE9F42100200D48 /* Base */,
			);
			name = LaunchScreen.storyboard;
			sourceTree = "<group>";
		};
/* End PBXVariantGroup section */

/* Begin XCBuildConfiguration section */
		264389861FE9F42100200D48 /* Debug */ = {
			isa = XCBuildConfiguration;
			buildSettings = {
				ALWAYS_SEARCH_USER_PATHS = NO;
				CLANG_ANALYZER_NONNULL = YES;
				CLANG_ANALYZER_NUMBER_OBJECT_CONVERSION = YES_AGGRESSIVE;
				CLANG_CXX_LANGUAGE_STANDARD = "gnu++14";
				CLANG_CXX_LIBRARY = "libc++";
				CLANG_ENABLE_MODULES = YES;
				CLANG_ENABLE_OBJC_ARC = YES;
				CLANG_WARN_BLOCK_CAPTURE_AUTORELEASING = YES;
				CLANG_WARN_BOOL_CONVERSION = YES;
				CLANG_WARN_COMMA = YES;
				CLANG_WARN_CONSTANT_CONVERSION = YES;
				CLANG_WARN_DIRECT_OBJC_ISA_USAGE = YES_ERROR;
				CLANG_WARN_DOCUMENTATION_COMMENTS = YES;
				CLANG_WARN_EMPTY_BODY = YES;
				CLANG_WARN_ENUM_CONVERSION = YES;
				CLANG_WARN_INFINITE_RECURSION = YES;
				CLANG_WARN_INT_CONVERSION = YES;
				CLANG_WARN_NON_LITERAL_NULL_CONVERSION = YES;
				CLANG_WARN_OBJC_LITERAL_CONVERSION = YES;
				CLANG_WARN_OBJC_ROOT_CLASS = YES_ERROR;
				CLANG_WARN_RANGE_LOOP_ANALYSIS = YES;
				CLANG_WARN_STRICT_PROTOTYPES = YES;
				CLANG_WARN_SUSPICIOUS_MOVE = YES;
				CLANG_WARN_UNGUARDED_AVAILABILITY = YES_AGGRESSIVE;
				CLANG_WARN_UNREACHABLE_CODE = YES;
				CLANG_WARN__DUPLICATE_METHOD_MATCH = YES;
				CODE_SIGN_IDENTITY = "iPhone Developer";
				COPY_PHASE_STRIP = NO;
				DEBUG_INFORMATION_FORMAT = dwarf;
				ENABLE_STRICT_OBJC_MSGSEND = YES;
				ENABLE_TESTABILITY = YES;
				GCC_C_LANGUAGE_STANDARD = gnu11;
				GCC_DYNAMIC_NO_PIC = NO;
				GCC_NO_COMMON_BLOCKS = YES;
				GCC_OPTIMIZATION_LEVEL = 0;
				GCC_PREPROCESSOR_DEFINITIONS = (
					"DEBUG=1",
					"$(inherited)",
				);
				GCC_WARN_64_TO_32_BIT_CONVERSION = YES;
				GCC_WARN_ABOUT_RETURN_TYPE = YES_ERROR;
				GCC_WARN_UNDECLARED_SELECTOR = YES;
				GCC_WARN_UNINITIALIZED_AUTOS = YES_AGGRESSIVE;
				GCC_WARN_UNUSED_FUNCTION = YES;
				GCC_WARN_UNUSED_VARIABLE = YES;
				IPHONEOS_DEPLOYMENT_TARGET = 11.0;
				MTL_ENABLE_DEBUG_INFO = YES;
				ONLY_ACTIVE_ARCH = YES;
				SDKROOT = iphoneos;
			};
			name = Debug;
		};
		264389871FE9F42100200D48 /* Release */ = {
			isa = XCBuildConfiguration;
			buildSettings = {
				ALWAYS_SEARCH_USER_PATHS = NO;
				CLANG_ANALYZER_NONNULL = YES;
				CLANG_ANALYZER_NUMBER_OBJECT_CONVERSION = YES_AGGRESSIVE;
				CLANG_CXX_LANGUAGE_STANDARD = "gnu++14";
				CLANG_CXX_LIBRARY = "libc++";
				CLANG_ENABLE_MODULES = YES;
				CLANG_ENABLE_OBJC_ARC = YES;
				CLANG_WARN_BLOCK_CAPTURE_AUTORELEASING = YES;
				CLANG_WARN_BOOL_CONVERSION = YES;
				CLANG_WARN_COMMA = YES;
				CLANG_WARN_CONSTANT_CONVERSION = YES;
				CLANG_WARN_DIRECT_OBJC_ISA_USAGE = YES_ERROR;
				CLANG_WARN_DOCUMENTATION_COMMENTS = YES;
				CLANG_WARN_EMPTY_BODY = YES;
				CLANG_WARN_ENUM_CONVERSION = YES;
				CLANG_WARN_INFINITE_RECURSION = YES;
				CLANG_WARN_INT_CONVERSION = YES;
				CLANG_WARN_NON_LITERAL_NULL_CONVERSION = YES;
				CLANG_WARN_OBJC_LITERAL_CONVERSION = YES;
				CLANG_WARN_OBJC_ROOT_CLASS = YES_ERROR;
				CLANG_WARN_RANGE_LOOP_ANALYSIS = YES;
				CLANG_WARN_STRICT_PROTOTYPES = YES;
				CLANG_WARN_SUSPICIOUS_MOVE = YES;
				CLANG_WARN_UNGUARDED_AVAILABILITY = YES_AGGRESSIVE;
				CLANG_WARN_UNREACHABLE_CODE = YES;
				CLANG_WARN__DUPLICATE_METHOD_MATCH = YES;
				CODE_SIGN_IDENTITY = "iPhone Developer";
				COPY_PHASE_STRIP = NO;
				DEBUG_INFORMATION_FORMAT = "dwarf-with-dsym";
				ENABLE_NS_ASSERTIONS = NO;
				ENABLE_STRICT_OBJC_MSGSEND = YES;
				GCC_C_LANGUAGE_STANDARD = gnu11;
				GCC_NO_COMMON_BLOCKS = YES;
				GCC_WARN_64_TO_32_BIT_CONVERSION = YES;
				GCC_WARN_ABOUT_RETURN_TYPE = YES_ERROR;
				GCC_WARN_UNDECLARED_SELECTOR = YES;
				GCC_WARN_UNINITIALIZED_AUTOS = YES_AGGRESSIVE;
				GCC_WARN_UNUSED_FUNCTION = YES;
				GCC_WARN_UNUSED_VARIABLE = YES;
				IPHONEOS_DEPLOYMENT_TARGET = 11.0;
				MTL_ENABLE_DEBUG_INFO = NO;
				SDKROOT = iphoneos;
				VALIDATE_PRODUCT = YES;
			};
			name = Release;
		};
		264389891FE9F42100200D48 /* Debug */ = {
			isa = XCBuildConfiguration;
			buildSettings = {
				ASSETCATALOG_COMPILER_APPICON_NAME = AppIcon;
				CODE_SIGN_STYLE = Automatic;
				INFOPLIST_FILE = Tags/Info.plist;
				IPHONEOS_DEPLOYMENT_TARGET = 11.0;
				LD_RUNPATH_SEARCH_PATHS = "$(inherited) @executable_path/Frameworks";
				PRODUCT_BUNDLE_IDENTIFIER = com.helpscout.Tags;
				PRODUCT_NAME = "$(TARGET_NAME)";
				TARGETED_DEVICE_FAMILY = "1,2";
			};
			name = Debug;
		};
		2643898A1FE9F42100200D48 /* Release */ = {
			isa = XCBuildConfiguration;
			buildSettings = {
				ASSETCATALOG_COMPILER_APPICON_NAME = AppIcon;
				CODE_SIGN_STYLE = Automatic;
				INFOPLIST_FILE = Tags/Info.plist;
				IPHONEOS_DEPLOYMENT_TARGET = 11.0;
				LD_RUNPATH_SEARCH_PATHS = "$(inherited) @executable_path/Frameworks";
				PRODUCT_BUNDLE_IDENTIFIER = com.helpscout.Tags;
				PRODUCT_NAME = "$(TARGET_NAME)";
				TARGETED_DEVICE_FAMILY = "1,2";
			};
			name = Release;
		};
		2643898C1FE9F42100200D48 /* Debug */ = {
			isa = XCBuildConfiguration;
			buildSettings = {
				BUNDLE_LOADER = "$(TEST_HOST)";
				CODE_SIGN_STYLE = Automatic;
				INFOPLIST_FILE = TagsTests/Info.plist;
				LD_RUNPATH_SEARCH_PATHS = "$(inherited) @executable_path/Frameworks @loader_path/Frameworks";
				PRODUCT_BUNDLE_IDENTIFIER = com.helpscout.TagsTests;
				PRODUCT_NAME = "$(TARGET_NAME)";
				TARGETED_DEVICE_FAMILY = "1,2";
				TEST_HOST = "$(BUILT_PRODUCTS_DIR)/Tags.app/Tags";
			};
			name = Debug;
		};
		2643898D1FE9F42100200D48 /* Release */ = {
			isa = XCBuildConfiguration;
			buildSettings = {
				BUNDLE_LOADER = "$(TEST_HOST)";
				CODE_SIGN_STYLE = Automatic;
				INFOPLIST_FILE = TagsTests/Info.plist;
				LD_RUNPATH_SEARCH_PATHS = "$(inherited) @executable_path/Frameworks @loader_path/Frameworks";
				PRODUCT_BUNDLE_IDENTIFIER = com.helpscout.TagsTests;
				PRODUCT_NAME = "$(TARGET_NAME)";
				TARGETED_DEVICE_FAMILY = "1,2";
				TEST_HOST = "$(BUILT_PRODUCTS_DIR)/Tags.app/Tags";
			};
			name = Release;
		};
/* End XCBuildConfiguration section */

/* Begin XCConfigurationList section */
		264389621FE9F42100200D48 /* Build configuration list for PBXProject "Tags" */ = {
			isa = XCConfigurationList;
			buildConfigurations = (
				264389861FE9F42100200D48 /* Debug */,
				264389871FE9F42100200D48 /* Release */,
			);
			defaultConfigurationIsVisible = 0;
			defaultConfigurationName = Release;
		};
		264389881FE9F42100200D48 /* Build configuration list for PBXNativeTarget "Tags" */ = {
			isa = XCConfigurationList;
			buildConfigurations = (
				264389891FE9F42100200D48 /* Debug */,
				2643898A1FE9F42100200D48 /* Release */,
			);
			defaultConfigurationIsVisible = 0;
			defaultConfigurationName = Release;
		};
		2643898B1FE9F42100200D48 /* Build configuration list for PBXNativeTarget "TagsTests" */ = {
			isa = XCConfigurationList;
			buildConfigurations = (
				2643898C1FE9F42100200D48 /* Debug */,
				2643898D1FE9F42100200D48 /* Release */,
			);
			defaultConfigurationIsVisible = 0;
			defaultConfigurationName = Release;
		};
/* End XCConfigurationList section */
	};
	rootObject = 2643895F1FE9F42100200D48 /* Project object */;
}
